
Microsoft Visual Studio Solution File, Format Version 12.00
# Visual Studio 15
VisualStudioVersion = 15.0.27004.2009
MinimumVisualStudioVersion = 10.0.40219.1
Project("{FAE04EC0-301F-11D3-BF4B-00C04F79EFBC}") = "FinalProject", "FinalProject\FinalProject.csproj", "{CD2B5BBC-61E9-4285-BB2E-92484D743072}"
EndProject
Global
	GlobalSection(SolutionConfigurationPlatforms) = preSolution
		Debug|Any CPU = Debug|Any CPU
		Release|Any CPU = Release|Any CPU
	EndGlobalSection
	GlobalSection(ProjectConfigurationPlatforms) = postSolution
		{CD2B5BBC-61E9-4285-BB2E-92484D743072}.Debug|Any CPU.ActiveCfg = Debug|Any CPU
		{CD2B5BBC-61E9-4285-BB2E-92484D743072}.Debug|Any CPU.Build.0 = Debug|Any CPU
		{CD2B5BBC-61E9-4285-BB2E-92484D743072}.Release|Any CPU.ActiveCfg = Release|Any CPU
		{CD2B5BBC-61E9-4285-BB2E-92484D743072}.Release|Any CPU.Build.0 = Release|Any CPU
	EndGlobalSection
	GlobalSection(SolutionProperties) = preSolution
		HideSolutionNode = FALSE
	EndGlobalSection
	GlobalSection(ExtensibilityGlobals) = postSolution
		SolutionGuid = {13AF34E1-5967-4EE1-B33B-4A07CF1FA454}
	EndGlobalSection
EndGlobal
